
Microsoft Visual Studio Solution File, Format Version 12.00
# Visual Studio 15
VisualStudioVersion = 15.0.27428.2043
MinimumVisualStudioVersion = 10.0.40219.1
Project("{FAE04EC0-301F-11D3-BF4B-00C04F79EFBC}") = "MyMVC", "MyWCF\MyMVC.csproj", "{C2AE226B-8594-4AE0-9C90-A45B4F19AB46}"
EndProject
Global
	GlobalSection(SolutionConfigurationPlatforms) = preSolution
		Debug|Any CPU = Debug|Any CPU
		Release|Any CPU = Release|Any CPU
	EndGlobalSection
	GlobalSection(ProjectConfigurationPlatforms) = postSolution
		{C2AE226B-8594-4AE0-9C90-A45B4F19AB46}.Debug|Any CPU.ActiveCfg = Debug|Any CPU
		{C2AE226B-8594-4AE0-9C90-A45B4F19AB46}.Debug|Any CPU.Build.0 = Debug|Any CPU
		{C2AE226B-8594-4AE0-9C90-A45B4F19AB46}.Release|Any CPU.ActiveCfg = Release|Any CPU
		{C2AE226B-8594-4AE0-9C90-A45B4F19AB46}.Release|Any CPU.Build.0 = Release|Any CPU
	EndGlobalSection
	GlobalSection(SolutionProperties) = preSolution
		HideSolutionNode = FALSE
	EndGlobalSection
	GlobalSection(ExtensibilityGlobals) = postSolution
		SolutionGuid = {28C7F9A6-956C-44F1-8A68-1CF121C1FC9A}
	EndGlobalSection
EndGlobal
